// !$*UTF8*$!
{
	archiveVersion = 1;
	classes = {
	};
	objectVersion = 46;
	objects = {

/* Begin PBXBuildFile section */
		F8E8405C1BCE70C30058FDB4 /* AppDelegate.swift in Sources */ = {isa = PBXBuildFile; fileRef = F8E8405B1BCE70C30058FDB4 /* AppDelegate.swift */; };
		F8E8405E1BCE70C30058FDB4 /* ViewController.swift in Sources */ = {isa = PBXBuildFile; fileRef = F8E8405D1BCE70C30058FDB4 /* ViewController.swift */; };
		F8E840611BCE70C30058FDB4 /* Main.storyboard in Resources */ = {isa = PBXBuildFile; fileRef = F8E8405F1BCE70C30058FDB4 /* Main.storyboard */; };
		F8E840631BCE70C30058FDB4 /* Assets.xcassets in Resources */ = {isa = PBXBuildFile; fileRef = F8E840621BCE70C30058FDB4 /* Assets.xcassets */; };
		F8E840661BCE70C30058FDB4 /* LaunchScreen.storyboard in Resources */ = {isa = PBXBuildFile; fileRef = F8E840641BCE70C30058FDB4 /* LaunchScreen.storyboard */; };
		F8E840711BCE70C30058FDB4 /* HelloWorldTests.swift in Sources */ = {isa = PBXBuildFile; fileRef = F8E840701BCE70C30058FDB4 /* HelloWorldTests.swift */; };
		F8E8407C1BCE70C30058FDB4 /* HelloWorldUITests.swift in Sources */ = {isa = PBXBuildFile; fileRef = F8E8407B1BCE70C30058FDB4 /* HelloWorldUITests.swift */; };
/* End PBXBuildFile section */

/* Begin PBXContainerItemProxy section */
		F8E8406D1BCE70C30058FDB4 /* PBXContainerItemProxy */ = {
			isa = PBXContainerItemProxy;
			containerPortal = F8E840501BCE70C20058FDB4 /* Project object */;
			proxyType = 1;
			remoteGlobalIDString = F8E840571BCE70C20058FDB4;
			remoteInfo = HelloWorld;
		};
		F8E840781BCE70C30058FDB4 /* PBXContainerItemProxy */ = {
			isa = PBXContainerItemProxy;
			containerPortal = F8E840501BCE70C20058FDB4 /* Project object */;
			proxyType = 1;
			remoteGlobalIDString = F8E840571BCE70C20058FDB4;
			remoteInfo = HelloWorld;
		};
/* End PBXContainerItemProxy section */

/* Begin PBXFileReference section */
		F8E840581BCE70C20058FDB4 /* HelloWorld.app */ = {isa = PBXFileReference; explicitFileType = wrapper.application; includeInIndex = 0; path = HelloWorld.app; sourceTree = BUILT_PRODUCTS_DIR; };
		F8E8405B1BCE70C30058FDB4 /* AppDelegate.swift */ = {isa = PBXFileReference; lastKnownFileType = sourcecode.swift; path = AppDelegate.swift; sourceTree = "<group>"; };
		F8E8405D1BCE70C30058FDB4 /* ViewController.swift */ = {isa = PBXFileReference; lastKnownFileType = sourcecode.swift; path = ViewController.swift; sourceTree = "<group>"; };
		F8E840601BCE70C30058FDB4 /* Base */ = {isa = PBXFileReference; lastKnownFileType = file.storyboard; name = Base; path = Base.lproj/Main.storyboard; sourceTree = "<group>"; };
		F8E840621BCE70C30058FDB4 /* Assets.xcassets */ = {isa = PBXFileReference; lastKnownFileType = folder.assetcatalog; path = Assets.xcassets; sourceTree = "<group>"; };
		F8E840651BCE70C30058FDB4 /* Base */ = {isa = PBXFileReference; lastKnownFileType = file.storyboard; name = Base; path = Base.lproj/LaunchScreen.storyboard; sourceTree = "<group>"; };
		F8E840671BCE70C30058FDB4 /* Info.plist */ = {isa = PBXFileReference; lastKnownFileType = text.plist.xml; path = Info.plist; sourceTree = "<group>"; };
		F8E8406C1BCE70C30058FDB4 /* HelloWorldTests.xctest */ = {isa = PBXFileReference; explicitFileType = wrapper.cfbundle; includeInIndex = 0; path = HelloWorldTests.xctest; sourceTree = BUILT_PRODUCTS_DIR; };
		F8E840701BCE70C30058FDB4 /* HelloWorldTests.swift */ = {isa = PBXFileReference; lastKnownFileType = sourcecode.swift; path = HelloWorldTests.swift; sourceTree = "<group>"; };
		F8E840721BCE70C30058FDB4 /* Info.plist */ = {isa = PBXFileReference; lastKnownFileType = text.plist.xml; path = Info.plist; sourceTree = "<group>"; };
		F8E840771BCE70C30058FDB4 /* HelloWorldUITests.xctest */ = {isa = PBXFileReference; explicitFileType = wrapper.cfbundle; includeInIndex = 0; path = HelloWorldUITests.xctest; sourceTree = BUILT_PRODUCTS_DIR; };
		F8E8407B1BCE70C30058FDB4 /* HelloWorldUITests.swift */ = {isa = PBXFileReference; lastKnownFileType = sourcecode.swift; path = HelloWorldUITests.swift; sourceTree = "<group>"; };
		F8E8407D1BCE70C30058FDB4 /* Info.plist */ = {isa = PBXFileReference; lastKnownFileType = text.plist.xml; path = Info.plist; sourceTree = "<group>"; };
/* End PBXFileReference section */

/* Begin PBXFrameworksBuildPhase section */
		F8E840551BCE70C20058FDB4 /* Frameworks */ = {
			isa = PBXFrameworksBuildPhase;
			buildActionMask = 2147483647;
			files = (
			);
			runOnlyForDeploymentPostprocessing = 0;
		};
		F8E840691BCE70C30058FDB4 /* Frameworks */ = {
			isa = PBXFrameworksBuildPhase;
			buildActionMask = 2147483647;
			files = (
			);
			runOnlyForDeploymentPostprocessing = 0;
		};
		F8E840741BCE70C30058FDB4 /* Frameworks */ = {
			isa = PBXFrameworksBuildPhase;
			buildActionMask = 2147483647;
			files = (
			);
			runOnlyForDeploymentPostprocessing = 0;
		};
/* End PBXFrameworksBuildPhase section */

/* Begin PBXGroup section */
		F8E8404F1BCE70C20058FDB4 = {
			isa = PBXGroup;
			children = (
				F8E8405A1BCE70C20058FDB4 /* HelloWorld */,
				F8E8406F1BCE70C30058FDB4 /* HelloWorldTests */,
				F8E8407A1BCE70C30058FDB4 /* HelloWorldUITests */,
				F8E840591BCE70C20058FDB4 /* Products */,
			);
			sourceTree = "<group>";
		};
		F8E840591BCE70C20058FDB4 /* Products */ = {
			isa = PBXGroup;
			children = (
				F8E840581BCE70C20058FDB4 /* HelloWorld.app */,
				F8E8406C1BCE70C30058FDB4 /* HelloWorldTests.xctest */,
				F8E840771BCE70C30058FDB4 /* HelloWorldUITests.xctest */,
			);
			name = Products;
			sourceTree = "<group>";
		};
		F8E8405A1BCE70C20058FDB4 /* HelloWorld */ = {
			isa = PBXGroup;
			children = (
				F8E8405B1BCE70C30058FDB4 /* AppDelegate.swift */,
				F8E8405D1BCE70C30058FDB4 /* ViewController.swift */,
				F8E8405F1BCE70C30058FDB4 /* Main.storyboard */,
				F8E840621BCE70C30058FDB4 /* Assets.xcassets */,
				F8E840641BCE70C30058FDB4 /* LaunchScreen.storyboard */,
				F8E840671BCE70C30058FDB4 /* Info.plist */,
			);
			path = HelloWorld;
			sourceTree = "<group>";
		};
		F8E8406F1BCE70C30058FDB4 /* HelloWorldTests */ = {
			isa = PBXGroup;
			children = (
				F8E840701BCE70C30058FDB4 /* HelloWorldTests.swift */,
				F8E840721BCE70C30058FDB4 /* Info.plist */,
			);
			path = HelloWorldTests;
			sourceTree = "<group>";
		};
		F8E8407A1BCE70C30058FDB4 /* HelloWorldUITests */ = {
			isa = PBXGroup;
			children = (
				F8E8407B1BCE70C30058FDB4 /* HelloWorldUITests.swift */,
				F8E8407D1BCE70C30058FDB4 /* Info.plist */,
			);
			path = HelloWorldUITests;
			sourceTree = "<group>";
		};
/* End PBXGroup section */

/* Begin PBXNativeTarget section */
		F8E840571BCE70C20058FDB4 /* HelloWorld */ = {
			isa = PBXNativeTarget;
			buildConfigurationList = F8E840801BCE70C30058FDB4 /* Build configuration list for PBXNativeTarget "HelloWorld" */;
			buildPhases = (
				F8E840541BCE70C20058FDB4 /* Sources */,
				F8E840551BCE70C20058FDB4 /* Frameworks */,
				F8E840561BCE70C20058FDB4 /* Resources */,
			);
			buildRules = (
			);
			dependencies = (
			);
			name = HelloWorld;
			productName = HelloWorld;
			productReference = F8E840581BCE70C20058FDB4 /* HelloWorld.app */;
			productType = "com.apple.product-type.application";
		};
		F8E8406B1BCE70C30058FDB4 /* HelloWorldTests */ = {
			isa = PBXNativeTarget;
			buildConfigurationList = F8E840831BCE70C30058FDB4 /* Build configuration list for PBXNativeTarget "HelloWorldTests" */;
			buildPhases = (
				F8E840681BCE70C30058FDB4 /* Sources */,
				F8E840691BCE70C30058FDB4 /* Frameworks */,
				F8E8406A1BCE70C30058FDB4 /* Resources */,
			);
			buildRules = (
			);
			dependencies = (
				F8E8406E1BCE70C30058FDB4 /* PBXTargetDependency */,
			);
			name = HelloWorldTests;
			productName = HelloWorldTests;
			productReference = F8E8406C1BCE70C30058FDB4 /* HelloWorldTests.xctest */;
			productType = "com.apple.product-type.bundle.unit-test";
		};
		F8E840761BCE70C30058FDB4 /* HelloWorldUITests */ = {
			isa = PBXNativeTarget;
			buildConfigurationList = F8E840861BCE70C30058FDB4 /* Build configuration list for PBXNativeTarget "HelloWorldUITests" */;
			buildPhases = (
				F8E840731BCE70C30058FDB4 /* Sources */,
				F8E840741BCE70C30058FDB4 /* Frameworks */,
				F8E840751BCE70C30058FDB4 /* Resources */,
			);
			buildRules = (
			);
			dependencies = (
				F8E840791BCE70C30058FDB4 /* PBXTargetDependency */,
			);
			name = HelloWorldUITests;
			productName = HelloWorldUITests;
			productReference = F8E840771BCE70C30058FDB4 /* HelloWorldUITests.xctest */;
			productType = "com.apple.product-type.bundle.ui-testing";
		};
/* End PBXNativeTarget section */

/* Begin PBXProject section */
		F8E840501BCE70C20058FDB4 /* Project object */ = {
			isa = PBXProject;
			attributes = {
				LastUpgradeCheck = 0700;
				ORGANIZATIONNAME = pyar6329;
				TargetAttributes = {
					F8E840571BCE70C20058FDB4 = {
						CreatedOnToolsVersion = 7.0.1;
					};
					F8E8406B1BCE70C30058FDB4 = {
						CreatedOnToolsVersion = 7.0.1;
						TestTargetID = F8E840571BCE70C20058FDB4;
					};
					F8E840761BCE70C30058FDB4 = {
						CreatedOnToolsVersion = 7.0.1;
						TestTargetID = F8E840571BCE70C20058FDB4;
					};
				};
			};
			buildConfigurationList = F8E840531BCE70C20058FDB4 /* Build configuration list for PBXProject "HelloWorld" */;
			compatibilityVersion = "Xcode 3.2";
			developmentRegion = English;
			hasScannedForEncodings = 0;
			knownRegions = (
				en,
				Base,
			);
			mainGroup = F8E8404F1BCE70C20058FDB4;
			productRefGroup = F8E840591BCE70C20058FDB4 /* Products */;
			projectDirPath = "";
			projectRoot = "";
			targets = (
				F8E840571BCE70C20058FDB4 /* HelloWorld */,
				F8E8406B1BCE70C30058FDB4 /* HelloWorldTests */,
				F8E840761BCE70C30058FDB4 /* HelloWorldUITests */,
			);
		};
/* End PBXProject section */

/* Begin PBXResourcesBuildPhase section */
		F8E840561BCE70C20058FDB4 /* Resources */ = {
			isa = PBXResourcesBuildPhase;
			buildActionMask = 2147483647;
			files = (
				F8E840661BCE70C30058FDB4 /* LaunchScreen.storyboard in Resources */,
				F8E840631BCE70C30058FDB4 /* Assets.xcassets in Resources */,
				F8E840611BCE70C30058FDB4 /* Main.storyboard in Resources */,
			);
			runOnlyForDeploymentPostprocessing = 0;
		};
		F8E8406A1BCE70C30058FDB4 /* Resources */ = {
			isa = PBXResourcesBuildPhase;
			buildActionMask = 2147483647;
			files = (
			);
			runOnlyForDeploymentPostprocessing = 0;
		};
		F8E840751BCE70C30058FDB4 /* Resources */ = {
			isa = PBXResourcesBuildPhase;
			buildActionMask = 2147483647;
			files = (
			);
			runOnlyForDeploymentPostprocessing = 0;
		};
/* End PBXResourcesBuildPhase section */

/* Begin PBXSourcesBuildPhase section */
		F8E840541BCE70C20058FDB4 /* Sources */ = {
			isa = PBXSourcesBuildPhase;
			buildActionMask = 2147483647;
			files = (
				F8E8405E1BCE70C30058FDB4 /* ViewController.swift in Sources */,
				F8E8405C1BCE70C30058FDB4 /* AppDelegate.swift in Sources */,
			);
			runOnlyForDeploymentPostprocessing = 0;
		};
		F8E840681BCE70C30058FDB4 /* Sources */ = {
			isa = PBXSourcesBuildPhase;
			buildActionMask = 2147483647;
			files = (
				F8E840711BCE70C30058FDB4 /* HelloWorldTests.swift in Sources */,
			);
			runOnlyForDeploymentPostprocessing = 0;
		};
		F8E840731BCE70C30058FDB4 /* Sources */ = {
			isa = PBXSourcesBuildPhase;
			buildActionMask = 2147483647;
			files = (
				F8E8407C1BCE70C30058FDB4 /* HelloWorldUITests.swift in Sources */,
			);
			runOnlyForDeploymentPostprocessing = 0;
		};
/* End PBXSourcesBuildPhase section */

/* Begin PBXTargetDependency section */
		F8E8406E1BCE70C30058FDB4 /* PBXTargetDependency */ = {
			isa = PBXTargetDependency;
			target = F8E840571BCE70C20058FDB4 /* HelloWorld */;
			targetProxy = F8E8406D1BCE70C30058FDB4 /* PBXContainerItemProxy */;
		};
		F8E840791BCE70C30058FDB4 /* PBXTargetDependency */ = {
			isa = PBXTargetDependency;
			target = F8E840571BCE70C20058FDB4 /* HelloWorld */;
			targetProxy = F8E840781BCE70C30058FDB4 /* PBXContainerItemProxy */;
		};
/* End PBXTargetDependency section */

/* Begin PBXVariantGroup section */
		F8E8405F1BCE70C30058FDB4 /* Main.storyboard */ = {
			isa = PBXVariantGroup;
			children = (
				F8E840601BCE70C30058FDB4 /* Base */,
			);
			name = Main.storyboard;
			sourceTree = "<group>";
		};
		F8E840641BCE70C30058FDB4 /* LaunchScreen.storyboard */ = {
			isa = PBXVariantGroup;
			children = (
				F8E840651BCE70C30058FDB4 /* Base */,
			);
			name = LaunchScreen.storyboard;
			sourceTree = "<group>";
		};
/* End PBXVariantGroup section */

/* Begin XCBuildConfiguration section */
		F8E8407E1BCE70C30058FDB4 /* Debug */ = {
			isa = XCBuildConfiguration;
			buildSettings = {
				ALWAYS_SEARCH_USER_PATHS = NO;
				CLANG_CXX_LANGUAGE_STANDARD = "gnu++0x";
				CLANG_CXX_LIBRARY = "libc++";
				CLANG_ENABLE_MODULES = YES;
				CLANG_ENABLE_OBJC_ARC = YES;
				CLANG_WARN_BOOL_CONVERSION = YES;
				CLANG_WARN_CONSTANT_CONVERSION = YES;
				CLANG_WARN_DIRECT_OBJC_ISA_USAGE = YES_ERROR;
				CLANG_WARN_EMPTY_BODY = YES;
				CLANG_WARN_ENUM_CONVERSION = YES;
				CLANG_WARN_INT_CONVERSION = YES;
				CLANG_WARN_OBJC_ROOT_CLASS = YES_ERROR;
				CLANG_WARN_UNREACHABLE_CODE = YES;
				CLANG_WARN__DUPLICATE_METHOD_MATCH = YES;
				"CODE_SIGN_IDENTITY[sdk=iphoneos*]" = "iPhone Developer";
				COPY_PHASE_STRIP = NO;
				DEBUG_INFORMATION_FORMAT = dwarf;
				ENABLE_STRICT_OBJC_MSGSEND = YES;
				ENABLE_TESTABILITY = YES;
				GCC_C_LANGUAGE_STANDARD = gnu99;
				GCC_DYNAMIC_NO_PIC = NO;
				GCC_NO_COMMON_BLOCKS = YES;
				GCC_OPTIMIZATION_LEVEL = 0;
				GCC_PREPROCESSOR_DEFINITIONS = (
					"DEBUG=1",
					"$(inherited)",
				);
				GCC_WARN_64_TO_32_BIT_CONVERSION = YES;
				GCC_WARN_ABOUT_RETURN_TYPE = YES_ERROR;
				GCC_WARN_UNDECLARED_SELECTOR = YES;
				GCC_WARN_UNINITIALIZED_AUTOS = YES_AGGRESSIVE;
				GCC_WARN_UNUSED_FUNCTION = YES;
				GCC_WARN_UNUSED_VARIABLE = YES;
				IPHONEOS_DEPLOYMENT_TARGET = 9.0;
				MTL_ENABLE_DEBUG_INFO = YES;
				ONLY_ACTIVE_ARCH = YES;
				SDKROOT = iphoneos;
				SWIFT_OPTIMIZATION_LEVEL = "-Onone";
				TARGETED_DEVICE_FAMILY = "1,2";
			};
			name = Debug;
		};
		F8E8407F1BCE70C30058FDB4 /* Release */ = {
			isa = XCBuildConfiguration;
			buildSettings = {
				ALWAYS_SEARCH_USER_PATHS = NO;
				CLANG_CXX_LANGUAGE_STANDARD = "gnu++0x";
				CLANG_CXX_LIBRARY = "libc++";
				CLANG_ENABLE_MODULES = YES;
				CLANG_ENABLE_OBJC_ARC = YES;
				CLANG_WARN_BOOL_CONVERSION = YES;
				CLANG_WARN_CONSTANT_CONVERSION = YES;
				CLANG_WARN_DIRECT_OBJC_ISA_USAGE = YES_ERROR;
				CLANG_WARN_EMPTY_BODY = YES;
				CLANG_WARN_ENUM_CONVERSION = YES;
				CLANG_WARN_INT_CONVERSION = YES;
				CLANG_WARN_OBJC_ROOT_CLASS = YES_ERROR;
				CLANG_WARN_UNREACHABLE_CODE = YES;
				CLANG_WARN__DUPLICATE_METHOD_MATCH = YES;
				"CODE_SIGN_IDENTITY[sdk=iphoneos*]" = "iPhone Developer";
				COPY_PHASE_STRIP = NO;
				DEBUG_INFORMATION_FORMAT = "dwarf-with-dsym";
				ENABLE_NS_ASSERTIONS = NO;
				ENABLE_STRICT_OBJC_MSGSEND = YES;
				GCC_C_LANGUAGE_STANDARD = gnu99;
				GCC_NO_COMMON_BLOCKS = YES;
				GCC_WARN_64_TO_32_BIT_CONVERSION = YES;
				GCC_WARN_ABOUT_RETURN_TYPE = YES_ERROR;
				GCC_WARN_UNDECLARED_SELECTOR = YES;
				GCC_WARN_UNINITIALIZED_AUTOS = YES_AGGRESSIVE;
				GCC_WARN_UNUSED_FUNCTION = YES;
				GCC_WARN_UNUSED_VARIABLE = YES;
				IPHONEOS_DEPLOYMENT_TARGET = 9.0;
				MTL_ENABLE_DEBUG_INFO = NO;
				SDKROOT = iphoneos;
				TARGETED_DEVICE_FAMILY = "1,2";
				VALIDATE_PRODUCT = YES;
			};
			name = Release;
		};
		F8E840811BCE70C30058FDB4 /* Debug */ = {
			isa = XCBuildConfiguration;
			buildSettings = {
				ASSETCATALOG_COMPILER_APPICON_NAME = AppIcon;
				INFOPLIST_FILE = HelloWorld/Info.plist;
				LD_RUNPATH_SEARCH_PATHS = "$(inherited) @executable_path/Frameworks";
				PRODUCT_BUNDLE_IDENTIFIER = bz.pyar.ios.HelloWorld;
				PRODUCT_NAME = "$(TARGET_NAME)";
			};
			name = Debug;
		};
		F8E840821BCE70C30058FDB4 /* Release */ = {
			isa = XCBuildConfiguration;
			buildSettings = {
				ASSETCATALOG_COMPILER_APPICON_NAME = AppIcon;
				INFOPLIST_FILE = HelloWorld/Info.plist;
				LD_RUNPATH_SEARCH_PATHS = "$(inherited) @executable_path/Frameworks";
				PRODUCT_BUNDLE_IDENTIFIER = bz.pyar.ios.HelloWorld;
				PRODUCT_NAME = "$(TARGET_NAME)";
			};
			name = Release;
		};
		F8E840841BCE70C30058FDB4 /* Debug */ = {
			isa = XCBuildConfiguration;
			buildSettings = {
				BUNDLE_LOADER = "$(TEST_HOST)";
				INFOPLIST_FILE = HelloWorldTests/Info.plist;
				LD_RUNPATH_SEARCH_PATHS = "$(inherited) @executable_path/Frameworks @loader_path/Frameworks";
				PRODUCT_BUNDLE_IDENTIFIER = bz.pyar.ios.HelloWorldTests;
				PRODUCT_NAME = "$(TARGET_NAME)";
				TEST_HOST = "$(BUILT_PRODUCTS_DIR)/HelloWorld.app/HelloWorld";
			};
			name = Debug;
		};
		F8E840851BCE70C30058FDB4 /* Release */ = {
			isa = XCBuildConfiguration;
			buildSettings = {
				BUNDLE_LOADER = "$(TEST_HOST)";
				INFOPLIST_FILE = HelloWorldTests/Info.plist;
				LD_RUNPATH_SEARCH_PATHS = "$(inherited) @executable_path/Frameworks @loader_path/Frameworks";
				PRODUCT_BUNDLE_IDENTIFIER = bz.pyar.ios.HelloWorldTests;
				PRODUCT_NAME = "$(TARGET_NAME)";
				TEST_HOST = "$(BUILT_PRODUCTS_DIR)/HelloWorld.app/HelloWorld";
			};
			name = Release;
		};
		F8E840871BCE70C30058FDB4 /* Debug */ = {
			isa = XCBuildConfiguration;
			buildSettings = {
				INFOPLIST_FILE = HelloWorldUITests/Info.plist;
				LD_RUNPATH_SEARCH_PATHS = "$(inherited) @executable_path/Frameworks @loader_path/Frameworks";
				PRODUCT_BUNDLE_IDENTIFIER = bz.pyar.ios.HelloWorldUITests;
				PRODUCT_NAME = "$(TARGET_NAME)";
				TEST_TARGET_NAME = HelloWorld;
				USES_XCTRUNNER = YES;
			};
			name = Debug;
		};
		F8E840881BCE70C30058FDB4 /* Release */ = {
			isa = XCBuildConfiguration;
			buildSettings = {
				INFOPLIST_FILE = HelloWorldUITests/Info.plist;
				LD_RUNPATH_SEARCH_PATHS = "$(inherited) @executable_path/Frameworks @loader_path/Frameworks";
				PRODUCT_BUNDLE_IDENTIFIER = bz.pyar.ios.HelloWorldUITests;
				PRODUCT_NAME = "$(TARGET_NAME)";
				TEST_TARGET_NAME = HelloWorld;
				USES_XCTRUNNER = YES;
			};
			name = Release;
		};
/* End XCBuildConfiguration section */

/* Begin XCConfigurationList section */
		F8E840531BCE70C20058FDB4 /* Build configuration list for PBXProject "HelloWorld" */ = {
			isa = XCConfigurationList;
			buildConfigurations = (
				F8E8407E1BCE70C30058FDB4 /* Debug */,
				F8E8407F1BCE70C30058FDB4 /* Release */,
			);
			defaultConfigurationIsVisible = 0;
			defaultConfigurationName = Release;
		};
		F8E840801BCE70C30058FDB4 /* Build configuration list for PBXNativeTarget "HelloWorld" */ = {
			isa = XCConfigurationList;
			buildConfigurations = (
				F8E840811BCE70C30058FDB4 /* Debug */,
				F8E840821BCE70C30058FDB4 /* Release */,
			);
			defaultConfigurationIsVisible = 0;
		};
		F8E840831BCE70C30058FDB4 /* Build configuration list for PBXNativeTarget "HelloWorldTests" */ = {
			isa = XCConfigurationList;
			buildConfigurations = (
				F8E840841BCE70C30058FDB4 /* Debug */,
				F8E840851BCE70C30058FDB4 /* Release */,
			);
			defaultConfigurationIsVisible = 0;
		};
		F8E840861BCE70C30058FDB4 /* Build configuration list for PBXNativeTarget "HelloWorldUITests" */ = {
			isa = XCConfigurationList;
			buildConfigurations = (
				F8E840871BCE70C30058FDB4 /* Debug */,
				F8E840881BCE70C30058FDB4 /* Release */,
			);
			defaultConfigurationIsVisible = 0;
		};
/* End XCConfigurationList section */
	};
	rootObject = F8E840501BCE70C20058FDB4 /* Project object */;
}
